
Microsoft Visual Studio Solution File, Format Version 12.00
# Visual Studio Version 17
VisualStudioVersion = 17.11.35327.3
MinimumVisualStudioVersion = 10.0.40219.1
Project("{8BC9CEB8-8B4A-11D0-8D11-00A0C91BC942}") = "WhiteListManager", "WhiteListManager\WhiteListManager.vcxproj", "{BAAF68C1-B29C-4A13-8DF6-337BFE126A38}"
EndProject
Global
	GlobalSection(SolutionConfigurationPlatforms) = preSolution
		Debug|x64 = Debug|x64
		Debug|x86 = Debug|x86
		Release|x64 = Release|x64
		Release|x86 = Release|x86
	EndGlobalSection
	GlobalSection(ProjectConfigurationPlatforms) = postSolution
		{BAAF68C1-B29C-4A13-8DF6-337BFE126A38}.Debug|x64.ActiveCfg = Debug|x64
		{BAAF68C1-B29C-4A13-8DF6-337BFE126A38}.Debug|x64.Build.0 = Debug|x64
		{BAAF68C1-B29C-4A13-8DF6-337BFE126A38}.Debug|x86.ActiveCfg = Debug|Win32
		{BAAF68C1-B29C-4A13-8DF6-337BFE126A38}.Debug|x86.Build.0 = Debug|Win32
		{BAAF68C1-B29C-4A13-8DF6-337BFE126A38}.Release|x64.ActiveCfg = Release|x64
		{BAAF68C1-B29C-4A13-8DF6-337BFE126A38}.Release|x64.Build.0 = Release|x64
		{BAAF68C1-B29C-4A13-8DF6-337BFE126A38}.Release|x86.ActiveCfg = Release|Win32
		{BAAF68C1-B29C-4A13-8DF6-337BFE126A38}.Release|x86.Build.0 = Release|Win32
	EndGlobalSection
	GlobalSection(SolutionProperties) = preSolution
		HideSolutionNode = FALSE
	EndGlobalSection
	GlobalSection(ExtensibilityGlobals) = postSolution
		SolutionGuid = {5A96B04E-972C-44CD-A5E5-78C38A505904}
	EndGlobalSection
EndGlobal
